// !$*UTF8*$!
{
	archiveVersion = 1;
	classes = {
	};
	objectVersion = 46;
	objects = {

/* Begin PBXBuildFile section */
		4BE8EF60B95F0B90566E7E89 /* libPods-Video-Annotator.a in Frameworks */ = {isa = PBXBuildFile; fileRef = A1F2C3DCBCDF3F317D5E1200 /* libPods-Video-Annotator.a */; };
		6B3BB09E1BC9120400DD8672 /* MainViewController.m in Sources */ = {isa = PBXBuildFile; fileRef = 6B3BB09D1BC9120400DD8672 /* MainViewController.m */; };
		6B3BB0A71BC9304100DD8672 /* Annotation.m in Sources */ = {isa = PBXBuildFile; fileRef = 6B3BB0A61BC9304100DD8672 /* Annotation.m */; };
		6B3BB0A91BC96FED00DD8672 /* shareIcon.png in Resources */ = {isa = PBXBuildFile; fileRef = 6B3BB0A81BC96FED00DD8672 /* shareIcon.png */; };
		6B3BB0B11BC9759A00DD8672 /* plusIcon.png in Resources */ = {isa = PBXBuildFile; fileRef = 6B3BB0B01BC9759A00DD8672 /* plusIcon.png */; };
		6B3BB0B71BC977EF00DD8672 /* clockIcon60F.png in Resources */ = {isa = PBXBuildFile; fileRef = 6B3BB0B61BC977EF00DD8672 /* clockIcon60F.png */; };
		6B3BB0C91BCA14CA00DD8672 /* searchIcon.png in Resources */ = {isa = PBXBuildFile; fileRef = 6B3BB0C81BCA14CA00DD8672 /* searchIcon.png */; };
		6B3BB0CB1BCA156D00DD8672 /* linkIcon.png in Resources */ = {isa = PBXBuildFile; fileRef = 6B3BB0CA1BCA156D00DD8672 /* linkIcon.png */; };
		6B3BB0CD1BCA17DD00DD8672 /* roomIcon.png in Resources */ = {isa = PBXBuildFile; fileRef = 6B3BB0CC1BCA17DD00DD8672 /* roomIcon.png */; };
		6B3BB0D31BCA2D4E00DD8672 /* yannotate-logo.png in Resources */ = {isa = PBXBuildFile; fileRef = 6B3BB0D21BCA2D4E00DD8672 /* yannotate-logo.png */; };
		6B3BB0D51BCA61CC00DD8672 /* backIcon.png in Resources */ = {isa = PBXBuildFile; fileRef = 6B3BB0D41BCA61CC00DD8672 /* backIcon.png */; };
		6BB3E2911BC8D91B00A4744C /* main.m in Sources */ = {isa = PBXBuildFile; fileRef = 6BB3E2901BC8D91B00A4744C /* main.m */; };
		6BB3E2941BC8D91B00A4744C /* AppDelegate.m in Sources */ = {isa = PBXBuildFile; fileRef = 6BB3E2931BC8D91B00A4744C /* AppDelegate.m */; };
		6BB3E2971BC8D91B00A4744C /* VideoViewController.m in Sources */ = {isa = PBXBuildFile; fileRef = 6BB3E2961BC8D91B00A4744C /* VideoViewController.m */; };
		6BB3E29C1BC8D91B00A4744C /* Images.xcassets in Resources */ = {isa = PBXBuildFile; fileRef = 6BB3E29B1BC8D91B00A4744C /* Images.xcassets */; };
		6BB3E29F1BC8D91B00A4744C /* LaunchScreen.xib in Resources */ = {isa = PBXBuildFile; fileRef = 6BB3E29D1BC8D91B00A4744C /* LaunchScreen.xib */; };
/* End PBXBuildFile section */

/* Begin PBXFileReference section */
		262A8D86BFF236C4D45890F8 /* Pods-Video-Annotator.release.xcconfig */ = {isa = PBXFileReference; includeInIndex = 1; lastKnownFileType = text.xcconfig; name = "Pods-Video-Annotator.release.xcconfig"; path = "Pods/Target Support Files/Pods-Video-Annotator/Pods-Video-Annotator.release.xcconfig"; sourceTree = "<group>"; };
		33285BBF592D9D387CCC9A78 /* Pods-Video-Annotator.debug.xcconfig */ = {isa = PBXFileReference; includeInIndex = 1; lastKnownFileType = text.xcconfig; name = "Pods-Video-Annotator.debug.xcconfig"; path = "Pods/Target Support Files/Pods-Video-Annotator/Pods-Video-Annotator.debug.xcconfig"; sourceTree = "<group>"; };
		6B3BB09C1BC9120400DD8672 /* MainViewController.h */ = {isa = PBXFileReference; fileEncoding = 4; lastKnownFileType = sourcecode.c.h; path = MainViewController.h; sourceTree = "<group>"; };
		6B3BB09D1BC9120400DD8672 /* MainViewController.m */ = {isa = PBXFileReference; fileEncoding = 4; lastKnownFileType = sourcecode.c.objc; path = MainViewController.m; sourceTree = "<group>"; };
		6B3BB0A51BC9304100DD8672 /* Annotation.h */ = {isa = PBXFileReference; fileEncoding = 4; lastKnownFileType = sourcecode.c.h; path = Annotation.h; sourceTree = "<group>"; };
		6B3BB0A61BC9304100DD8672 /* Annotation.m */ = {isa = PBXFileReference; fileEncoding = 4; lastKnownFileType = sourcecode.c.objc; path = Annotation.m; sourceTree = "<group>"; };
		6B3BB0A81BC96FED00DD8672 /* shareIcon.png */ = {isa = PBXFileReference; lastKnownFileType = image.png; path = shareIcon.png; sourceTree = "<group>"; };
		6B3BB0B01BC9759A00DD8672 /* plusIcon.png */ = {isa = PBXFileReference; lastKnownFileType = image.png; path = plusIcon.png; sourceTree = "<group>"; };
		6B3BB0B61BC977EF00DD8672 /* clockIcon60F.png */ = {isa = PBXFileReference; lastKnownFileType = image.png; path = clockIcon60F.png; sourceTree = "<group>"; };
		6B3BB0C81BCA14CA00DD8672 /* searchIcon.png */ = {isa = PBXFileReference; lastKnownFileType = image.png; path = searchIcon.png; sourceTree = "<group>"; };
		6B3BB0CA1BCA156D00DD8672 /* linkIcon.png */ = {isa = PBXFileReference; lastKnownFileType = image.png; path = linkIcon.png; sourceTree = "<group>"; };
		6B3BB0CC1BCA17DD00DD8672 /* roomIcon.png */ = {isa = PBXFileReference; lastKnownFileType = image.png; path = roomIcon.png; sourceTree = "<group>"; };
		6B3BB0D21BCA2D4E00DD8672 /* yannotate-logo.png */ = {isa = PBXFileReference; lastKnownFileType = image.png; path = "yannotate-logo.png"; sourceTree = "<group>"; };
		6B3BB0D41BCA61CC00DD8672 /* backIcon.png */ = {isa = PBXFileReference; lastKnownFileType = image.png; path = backIcon.png; sourceTree = "<group>"; };
		6BB3E28B1BC8D91B00A4744C /* Video-Annotator.app */ = {isa = PBXFileReference; explicitFileType = wrapper.application; includeInIndex = 0; path = "Video-Annotator.app"; sourceTree = BUILT_PRODUCTS_DIR; };
		6BB3E28F1BC8D91B00A4744C /* Info.plist */ = {isa = PBXFileReference; lastKnownFileType = text.plist.xml; path = Info.plist; sourceTree = "<group>"; };
		6BB3E2901BC8D91B00A4744C /* main.m */ = {isa = PBXFileReference; lastKnownFileType = sourcecode.c.objc; path = main.m; sourceTree = "<group>"; };
		6BB3E2921BC8D91B00A4744C /* AppDelegate.h */ = {isa = PBXFileReference; lastKnownFileType = sourcecode.c.h; path = AppDelegate.h; sourceTree = "<group>"; };
		6BB3E2931BC8D91B00A4744C /* AppDelegate.m */ = {isa = PBXFileReference; lastKnownFileType = sourcecode.c.objc; path = AppDelegate.m; sourceTree = "<group>"; };
		6BB3E2951BC8D91B00A4744C /* VideoViewController.h */ = {isa = PBXFileReference; lastKnownFileType = sourcecode.c.h; path = VideoViewController.h; sourceTree = "<group>"; };
		6BB3E2961BC8D91B00A4744C /* VideoViewController.m */ = {isa = PBXFileReference; lastKnownFileType = sourcecode.c.objc; path = VideoViewController.m; sourceTree = "<group>"; };
		6BB3E29B1BC8D91B00A4744C /* Images.xcassets */ = {isa = PBXFileReference; lastKnownFileType = folder.assetcatalog; path = Images.xcassets; sourceTree = "<group>"; };
		6BB3E29E1BC8D91B00A4744C /* Base */ = {isa = PBXFileReference; lastKnownFileType = file.xib; name = Base; path = Base.lproj/LaunchScreen.xib; sourceTree = "<group>"; };
		A1F2C3DCBCDF3F317D5E1200 /* libPods-Video-Annotator.a */ = {isa = PBXFileReference; explicitFileType = archive.ar; includeInIndex = 0; path = "libPods-Video-Annotator.a"; sourceTree = BUILT_PRODUCTS_DIR; };
/* End PBXFileReference section */

/* Begin PBXFrameworksBuildPhase section */
		6BB3E2881BC8D91B00A4744C /* Frameworks */ = {
			isa = PBXFrameworksBuildPhase;
			buildActionMask = 2147483647;
			files = (
				4BE8EF60B95F0B90566E7E89 /* libPods-Video-Annotator.a in Frameworks */,
			);
			runOnlyForDeploymentPostprocessing = 0;
		};
/* End PBXFrameworksBuildPhase section */

/* Begin PBXGroup section */
		1F810C5F289156D6C40BF4A7 /* Pods */ = {
			isa = PBXGroup;
			children = (
				33285BBF592D9D387CCC9A78 /* Pods-Video-Annotator.debug.xcconfig */,
				262A8D86BFF236C4D45890F8 /* Pods-Video-Annotator.release.xcconfig */,
			);
			name = Pods;
			sourceTree = "<group>";
		};
		6BB3E2821BC8D91B00A4744C = {
			isa = PBXGroup;
			children = (
				6BB3E28D1BC8D91B00A4744C /* Video-Annotator */,
				6BB3E28C1BC8D91B00A4744C /* Products */,
				1F810C5F289156D6C40BF4A7 /* Pods */,
				B9D6270829F2A6FF4D06C6AD /* Frameworks */,
			);
			sourceTree = "<group>";
		};
		6BB3E28C1BC8D91B00A4744C /* Products */ = {
			isa = PBXGroup;
			children = (
				6BB3E28B1BC8D91B00A4744C /* Video-Annotator.app */,
			);
			name = Products;
			sourceTree = "<group>";
		};
		6BB3E28D1BC8D91B00A4744C /* Video-Annotator */ = {
			isa = PBXGroup;
			children = (
				6BB3E2921BC8D91B00A4744C /* AppDelegate.h */,
				6BB3E2931BC8D91B00A4744C /* AppDelegate.m */,
				6B3BB09C1BC9120400DD8672 /* MainViewController.h */,
				6B3BB09D1BC9120400DD8672 /* MainViewController.m */,
				6B3BB0A51BC9304100DD8672 /* Annotation.h */,
				6B3BB0A61BC9304100DD8672 /* Annotation.m */,
				6BB3E2951BC8D91B00A4744C /* VideoViewController.h */,
				6BB3E2961BC8D91B00A4744C /* VideoViewController.m */,
				6BB3E29B1BC8D91B00A4744C /* Images.xcassets */,
				6BB3E29D1BC8D91B00A4744C /* LaunchScreen.xib */,
				6BB3E28E1BC8D91B00A4744C /* Supporting Files */,
			);
			path = "Video-Annotator";
			sourceTree = "<group>";
		};
		6BB3E28E1BC8D91B00A4744C /* Supporting Files */ = {
			isa = PBXGroup;
			children = (
				6B3BB0D41BCA61CC00DD8672 /* backIcon.png */,
				6B3BB0D21BCA2D4E00DD8672 /* yannotate-logo.png */,
				6B3BB0C81BCA14CA00DD8672 /* searchIcon.png */,
				6B3BB0CA1BCA156D00DD8672 /* linkIcon.png */,
				6B3BB0CC1BCA17DD00DD8672 /* roomIcon.png */,
				6B3BB0B61BC977EF00DD8672 /* clockIcon60F.png */,
				6B3BB0B01BC9759A00DD8672 /* plusIcon.png */,
				6B3BB0A81BC96FED00DD8672 /* shareIcon.png */,
				6BB3E28F1BC8D91B00A4744C /* Info.plist */,
				6BB3E2901BC8D91B00A4744C /* main.m */,
			);
			name = "Supporting Files";
			sourceTree = "<group>";
		};
		B9D6270829F2A6FF4D06C6AD /* Frameworks */ = {
			isa = PBXGroup;
			children = (
				A1F2C3DCBCDF3F317D5E1200 /* libPods-Video-Annotator.a */,
			);
			name = Frameworks;
			sourceTree = "<group>";
		};
/* End PBXGroup section */

/* Begin PBXNativeTarget section */
		6BB3E28A1BC8D91B00A4744C /* Video-Annotator */ = {
			isa = PBXNativeTarget;
			buildConfigurationList = 6BB3E2AE1BC8D91B00A4744C /* Build configuration list for PBXNativeTarget "Video-Annotator" */;
			buildPhases = (
				7590C7A80D83BDE31576FF37 /* Check Pods Manifest.lock */,
				6BB3E2871BC8D91B00A4744C /* Sources */,
				6BB3E2881BC8D91B00A4744C /* Frameworks */,
				6BB3E2891BC8D91B00A4744C /* Resources */,
				0F062996F86F85E35D60ED3E /* Embed Pods Frameworks */,
				D333BF093685B12D8C2C19EF /* Copy Pods Resources */,
			);
			buildRules = (
			);
			dependencies = (
			);
			name = "Video-Annotator";
			productName = "Video-Annotator";
			productReference = 6BB3E28B1BC8D91B00A4744C /* Video-Annotator.app */;
			productType = "com.apple.product-type.application";
		};
/* End PBXNativeTarget section */

/* Begin PBXProject section */
		6BB3E2831BC8D91B00A4744C /* Project object */ = {
			isa = PBXProject;
			attributes = {
				LastUpgradeCheck = 0640;
				ORGANIZATIONNAME = "Krishna Bharathala";
				TargetAttributes = {
					6BB3E28A1BC8D91B00A4744C = {
						CreatedOnToolsVersion = 6.4;
						DevelopmentTeam = 55KFDSK3L9;
					};
				};
			};
			buildConfigurationList = 6BB3E2861BC8D91B00A4744C /* Build configuration list for PBXProject "Video-Annotator" */;
			compatibilityVersion = "Xcode 3.2";
			developmentRegion = English;
			hasScannedForEncodings = 0;
			knownRegions = (
				en,
				Base,
			);
			mainGroup = 6BB3E2821BC8D91B00A4744C;
			productRefGroup = 6BB3E28C1BC8D91B00A4744C /* Products */;
			projectDirPath = "";
			projectRoot = "";
			targets = (
				6BB3E28A1BC8D91B00A4744C /* Video-Annotator */,
			);
		};
/* End PBXProject section */

/* Begin PBXResourcesBuildPhase section */
		6BB3E2891BC8D91B00A4744C /* Resources */ = {
			isa = PBXResourcesBuildPhase;
			buildActionMask = 2147483647;
			files = (
				6BB3E29F1BC8D91B00A4744C /* LaunchScreen.xib in Resources */,
				6B3BB0CB1BCA156D00DD8672 /* linkIcon.png in Resources */,
				6B3BB0C91BCA14CA00DD8672 /* searchIcon.png in Resources */,
				6B3BB0D51BCA61CC00DD8672 /* backIcon.png in Resources */,
				6B3BB0B71BC977EF00DD8672 /* clockIcon60F.png in Resources */,
				6B3BB0D31BCA2D4E00DD8672 /* yannotate-logo.png in Resources */,
				6B3BB0A91BC96FED00DD8672 /* shareIcon.png in Resources */,
				6B3BB0CD1BCA17DD00DD8672 /* roomIcon.png in Resources */,
				6BB3E29C1BC8D91B00A4744C /* Images.xcassets in Resources */,
				6B3BB0B11BC9759A00DD8672 /* plusIcon.png in Resources */,
			);
			runOnlyForDeploymentPostprocessing = 0;
		};
/* End PBXResourcesBuildPhase section */

/* Begin PBXShellScriptBuildPhase section */
		0F062996F86F85E35D60ED3E /* Embed Pods Frameworks */ = {
			isa = PBXShellScriptBuildPhase;
			buildActionMask = 2147483647;
			files = (
			);
			inputPaths = (
			);
			name = "Embed Pods Frameworks";
			outputPaths = (
			);
			runOnlyForDeploymentPostprocessing = 0;
			shellPath = /bin/sh;
			shellScript = "\"${SRCROOT}/Pods/Target Support Files/Pods-Video-Annotator/Pods-Video-Annotator-frameworks.sh\"\n";
			showEnvVarsInLog = 0;
		};
		7590C7A80D83BDE31576FF37 /* Check Pods Manifest.lock */ = {
			isa = PBXShellScriptBuildPhase;
			buildActionMask = 2147483647;
			files = (
			);
			inputPaths = (
			);
			name = "Check Pods Manifest.lock";
			outputPaths = (
			);
			runOnlyForDeploymentPostprocessing = 0;
			shellPath = /bin/sh;
			shellScript = "diff \"${PODS_ROOT}/../Podfile.lock\" \"${PODS_ROOT}/Manifest.lock\" > /dev/null\nif [[ $? != 0 ]] ; then\n    cat << EOM\nerror: The sandbox is not in sync with the Podfile.lock. Run 'pod install' or update your CocoaPods installation.\nEOM\n    exit 1\nfi\n";
			showEnvVarsInLog = 0;
		};
		D333BF093685B12D8C2C19EF /* Copy Pods Resources */ = {
			isa = PBXShellScriptBuildPhase;
			buildActionMask = 2147483647;
			files = (
			);
			inputPaths = (
			);
			name = "Copy Pods Resources";
			outputPaths = (
			);
			runOnlyForDeploymentPostprocessing = 0;
			shellPath = /bin/sh;
			shellScript = "\"${SRCROOT}/Pods/Target Support Files/Pods-Video-Annotator/Pods-Video-Annotator-resources.sh\"\n";
			showEnvVarsInLog = 0;
		};
/* End PBXShellScriptBuildPhase section */

/* Begin PBXSourcesBuildPhase section */
		6BB3E2871BC8D91B00A4744C /* Sources */ = {
			isa = PBXSourcesBuildPhase;
			buildActionMask = 2147483647;
			files = (
				6B3BB0A71BC9304100DD8672 /* Annotation.m in Sources */,
				6BB3E2971BC8D91B00A4744C /* VideoViewController.m in Sources */,
				6BB3E2941BC8D91B00A4744C /* AppDelegate.m in Sources */,
				6BB3E2911BC8D91B00A4744C /* main.m in Sources */,
				6B3BB09E1BC9120400DD8672 /* MainViewController.m in Sources */,
			);
			runOnlyForDeploymentPostprocessing = 0;
		};
/* End PBXSourcesBuildPhase section */

/* Begin PBXVariantGroup section */
		6BB3E29D1BC8D91B00A4744C /* LaunchScreen.xib */ = {
			isa = PBXVariantGroup;
			children = (
				6BB3E29E1BC8D91B00A4744C /* Base */,
			);
			name = LaunchScreen.xib;
			sourceTree = "<group>";
		};
/* End PBXVariantGroup section */

/* Begin XCBuildConfiguration section */
		6BB3E2AC1BC8D91B00A4744C /* Debug */ = {
			isa = XCBuildConfiguration;
			buildSettings = {
				ALWAYS_SEARCH_USER_PATHS = NO;
				CLANG_CXX_LANGUAGE_STANDARD = "gnu++0x";
				CLANG_CXX_LIBRARY = "libc++";
				CLANG_ENABLE_MODULES = YES;
				CLANG_ENABLE_OBJC_ARC = YES;
				CLANG_WARN_BOOL_CONVERSION = YES;
				CLANG_WARN_CONSTANT_CONVERSION = YES;
				CLANG_WARN_DIRECT_OBJC_ISA_USAGE = YES_ERROR;
				CLANG_WARN_EMPTY_BODY = YES;
				CLANG_WARN_ENUM_CONVERSION = YES;
				CLANG_WARN_INT_CONVERSION = YES;
				CLANG_WARN_OBJC_ROOT_CLASS = YES_ERROR;
				CLANG_WARN_UNREACHABLE_CODE = YES;
				CLANG_WARN__DUPLICATE_METHOD_MATCH = YES;
				CODE_SIGN_IDENTITY = "iPhone Developer";
				"CODE_SIGN_IDENTITY[sdk=iphoneos*]" = "iPhone Developer";
				COPY_PHASE_STRIP = NO;
				DEBUG_INFORMATION_FORMAT = "dwarf-with-dsym";
				ENABLE_STRICT_OBJC_MSGSEND = YES;
				GCC_C_LANGUAGE_STANDARD = gnu99;
				GCC_DYNAMIC_NO_PIC = NO;
				GCC_NO_COMMON_BLOCKS = YES;
				GCC_OPTIMIZATION_LEVEL = 0;
				GCC_PREPROCESSOR_DEFINITIONS = (
					"DEBUG=1",
					"$(inherited)",
				);
				GCC_SYMBOLS_PRIVATE_EXTERN = NO;
				GCC_WARN_64_TO_32_BIT_CONVERSION = YES;
				GCC_WARN_ABOUT_RETURN_TYPE = YES_ERROR;
				GCC_WARN_UNDECLARED_SELECTOR = YES;
				GCC_WARN_UNINITIALIZED_AUTOS = YES_AGGRESSIVE;
				GCC_WARN_UNUSED_FUNCTION = YES;
				GCC_WARN_UNUSED_VARIABLE = YES;
				IPHONEOS_DEPLOYMENT_TARGET = 8.4;
				MTL_ENABLE_DEBUG_INFO = YES;
				ONLY_ACTIVE_ARCH = YES;
				PROVISIONING_PROFILE = "f597d049-69aa-4f3e-a8d7-c345ab0ff100";
				SDKROOT = iphoneos;
			};
			name = Debug;
		};
		6BB3E2AD1BC8D91B00A4744C /* Release */ = {
			isa = XCBuildConfiguration;
			buildSettings = {
				ALWAYS_SEARCH_USER_PATHS = NO;
				CLANG_CXX_LANGUAGE_STANDARD = "gnu++0x";
				CLANG_CXX_LIBRARY = "libc++";
				CLANG_ENABLE_MODULES = YES;
				CLANG_ENABLE_OBJC_ARC = YES;
				CLANG_WARN_BOOL_CONVERSION = YES;
				CLANG_WARN_CONSTANT_CONVERSION = YES;
				CLANG_WARN_DIRECT_OBJC_ISA_USAGE = YES_ERROR;
				CLANG_WARN_EMPTY_BODY = YES;
				CLANG_WARN_ENUM_CONVERSION = YES;
				CLANG_WARN_INT_CONVERSION = YES;
				CLANG_WARN_OBJC_ROOT_CLASS = YES_ERROR;
				CLANG_WARN_UNREACHABLE_CODE = YES;
				CLANG_WARN__DUPLICATE_METHOD_MATCH = YES;
				CODE_SIGN_IDENTITY = "iPhone Developer";
				"CODE_SIGN_IDENTITY[sdk=iphoneos*]" = "iPhone Developer";
				COPY_PHASE_STRIP = NO;
				DEBUG_INFORMATION_FORMAT = "dwarf-with-dsym";
				ENABLE_NS_ASSERTIONS = NO;
				ENABLE_STRICT_OBJC_MSGSEND = YES;
				GCC_C_LANGUAGE_STANDARD = gnu99;
				GCC_NO_COMMON_BLOCKS = YES;
				GCC_WARN_64_TO_32_BIT_CONVERSION = YES;
				GCC_WARN_ABOUT_RETURN_TYPE = YES_ERROR;
				GCC_WARN_UNDECLARED_SELECTOR = YES;
				GCC_WARN_UNINITIALIZED_AUTOS = YES_AGGRESSIVE;
				GCC_WARN_UNUSED_FUNCTION = YES;
				GCC_WARN_UNUSED_VARIABLE = YES;
				IPHONEOS_DEPLOYMENT_TARGET = 8.4;
				MTL_ENABLE_DEBUG_INFO = NO;
				PROVISIONING_PROFILE = "f597d049-69aa-4f3e-a8d7-c345ab0ff100";
				SDKROOT = iphoneos;
				VALIDATE_PRODUCT = YES;
			};
			name = Release;
		};
		6BB3E2AF1BC8D91B00A4744C /* Debug */ = {
			isa = XCBuildConfiguration;
			baseConfigurationReference = 33285BBF592D9D387CCC9A78 /* Pods-Video-Annotator.debug.xcconfig */;
			buildSettings = {
				ASSETCATALOG_COMPILER_APPICON_NAME = AppIcon;
				CODE_SIGN_IDENTITY = "iPhone Developer";
				"CODE_SIGN_IDENTITY[sdk=iphoneos*]" = "iPhone Developer";
				INFOPLIST_FILE = "Video-Annotator/Info.plist";
				IPHONEOS_DEPLOYMENT_TARGET = 8.0;
				LD_RUNPATH_SEARCH_PATHS = "$(inherited) @executable_path/Frameworks";
				PRODUCT_NAME = "$(TARGET_NAME)";
				PROVISIONING_PROFILE = "";
			};
			name = Debug;
		};
		6BB3E2B01BC8D91B00A4744C /* Release */ = {
			isa = XCBuildConfiguration;
			baseConfigurationReference = 262A8D86BFF236C4D45890F8 /* Pods-Video-Annotator.release.xcconfig */;
			buildSettings = {
				ASSETCATALOG_COMPILER_APPICON_NAME = AppIcon;
				CODE_SIGN_IDENTITY = "iPhone Developer";
				"CODE_SIGN_IDENTITY[sdk=iphoneos*]" = "iPhone Developer";
				INFOPLIST_FILE = "Video-Annotator/Info.plist";
				IPHONEOS_DEPLOYMENT_TARGET = 8.0;
				LD_RUNPATH_SEARCH_PATHS = "$(inherited) @executable_path/Frameworks";
				PRODUCT_NAME = "$(TARGET_NAME)";
				PROVISIONING_PROFILE = "";
			};
			name = Release;
		};
/* End XCBuildConfiguration section */

/* Begin XCConfigurationList section */
		6BB3E2861BC8D91B00A4744C /* Build configuration list for PBXProject "Video-Annotator" */ = {
			isa = XCConfigurationList;
			buildConfigurations = (
				6BB3E2AC1BC8D91B00A4744C /* Debug */,
				6BB3E2AD1BC8D91B00A4744C /* Release */,
			);
			defaultConfigurationIsVisible = 0;
			defaultConfigurationName = Release;
		};
		6BB3E2AE1BC8D91B00A4744C /* Build configuration list for PBXNativeTarget "Video-Annotator" */ = {
			isa = XCConfigurationList;
			buildConfigurations = (
				6BB3E2AF1BC8D91B00A4744C /* Debug */,
				6BB3E2B01BC8D91B00A4744C /* Release */,
			);
			defaultConfigurationIsVisible = 0;
			defaultConfigurationName = Release;
		};
/* End XCConfigurationList section */
	};
	rootObject = 6BB3E2831BC8D91B00A4744C /* Project object */;
}
